
Microsoft Visual Studio Solution File, Format Version 12.00
# Visual Studio Version 16
VisualStudioVersion = 16.0.30907.101
MinimumVisualStudioVersion = 10.0.40219.1
Project("{FAE04EC0-301F-11D3-BF4B-00C04F79EFBC}") = "070321HW", "070321HW\070321HW.csproj", "{94083B15-06C6-4660-A30F-17B4221D0C8B}"
EndProject
Global
	GlobalSection(SolutionConfigurationPlatforms) = preSolution
		Debug|Any CPU = Debug|Any CPU
		Release|Any CPU = Release|Any CPU
	EndGlobalSection
	GlobalSection(ProjectConfigurationPlatforms) = postSolution
		{94083B15-06C6-4660-A30F-17B4221D0C8B}.Debug|Any CPU.ActiveCfg = Debug|Any CPU
		{94083B15-06C6-4660-A30F-17B4221D0C8B}.Debug|Any CPU.Build.0 = Debug|Any CPU
		{94083B15-06C6-4660-A30F-17B4221D0C8B}.Release|Any CPU.ActiveCfg = Release|Any CPU
		{94083B15-06C6-4660-A30F-17B4221D0C8B}.Release|Any CPU.Build.0 = Release|Any CPU
	EndGlobalSection
	GlobalSection(SolutionProperties) = preSolution
		HideSolutionNode = FALSE
	EndGlobalSection
	GlobalSection(ExtensibilityGlobals) = postSolution
		SolutionGuid = {F46CD22F-827A-488E-9EC7-904829CA6523}
	EndGlobalSection
EndGlobal
